
Microsoft Visual Studio Solution File, Format Version 12.00
# Visual Studio Version 16
VisualStudioVersion = 16.0.30413.136
MinimumVisualStudioVersion = 10.0.40219.1
Project("{FAE04EC0-301F-11D3-BF4B-00C04F79EFBC}") = "BuricMarioZadatak2", "BuricMarioZadatak2\BuricMarioZadatak2.csproj", "{5A2E9634-6402-4BE7-93DC-2EC5B4789ED0}"
EndProject
Global
	GlobalSection(SolutionConfigurationPlatforms) = preSolution
		Debug|Any CPU = Debug|Any CPU
		Release|Any CPU = Release|Any CPU
	EndGlobalSection
	GlobalSection(ProjectConfigurationPlatforms) = postSolution
		{5A2E9634-6402-4BE7-93DC-2EC5B4789ED0}.Debug|Any CPU.ActiveCfg = Debug|Any CPU
		{5A2E9634-6402-4BE7-93DC-2EC5B4789ED0}.Debug|Any CPU.Build.0 = Debug|Any CPU
		{5A2E9634-6402-4BE7-93DC-2EC5B4789ED0}.Release|Any CPU.ActiveCfg = Release|Any CPU
		{5A2E9634-6402-4BE7-93DC-2EC5B4789ED0}.Release|Any CPU.Build.0 = Release|Any CPU
	EndGlobalSection
	GlobalSection(SolutionProperties) = preSolution
		HideSolutionNode = FALSE
	EndGlobalSection
	GlobalSection(ExtensibilityGlobals) = postSolution
		SolutionGuid = {C07F9154-11D4-4438-A001-E7A41FEFCAB1}
	EndGlobalSection
EndGlobal
